// !$*UTF8*$!
{
	archiveVersion = 1;
	classes = {
	};
	objectVersion = 56;
	objects = {

/* Begin PBXBuildFile section */
		2A2D927DD16E24D215F9C582 /* Pods_RestaurantsApp.framework in Frameworks */ = {isa = PBXBuildFile; fileRef = 470C1CB7EA585C04BA5A1DB3 /* Pods_RestaurantsApp.framework */; };
		A3BEE2E12A5833BC0016A626 /* Models.swift in Sources */ = {isa = PBXBuildFile; fileRef = A3BEE2E02A5833BC0016A626 /* Models.swift */; };
		A3BEE2E72A5D5CC00016A626 /* PizzaVC.swift in Sources */ = {isa = PBXBuildFile; fileRef = A3BEE2E62A5D5CC00016A626 /* PizzaVC.swift */; };
		A3DF6D992A48B4F7009B5C1B /* CellForPizza.swift in Sources */ = {isa = PBXBuildFile; fileRef = A3DF6D972A48B4F7009B5C1B /* CellForPizza.swift */; };
		A3DF6D9A2A48B4F7009B5C1B /* CellForPizza.xib in Resources */ = {isa = PBXBuildFile; fileRef = A3DF6D982A48B4F7009B5C1B /* CellForPizza.xib */; };
		B55DC1342A2C979D009EFDCC /* AppDelegate.swift in Sources */ = {isa = PBXBuildFile; fileRef = B55DC1332A2C979D009EFDCC /* AppDelegate.swift */; };
		B55DC1362A2C979D009EFDCC /* SceneDelegate.swift in Sources */ = {isa = PBXBuildFile; fileRef = B55DC1352A2C979D009EFDCC /* SceneDelegate.swift */; };
		B55DC1382A2C979D009EFDCC /* ViewController.swift in Sources */ = {isa = PBXBuildFile; fileRef = B55DC1372A2C979D009EFDCC /* ViewController.swift */; };
		B55DC13B2A2C979D009EFDCC /* Main.storyboard in Resources */ = {isa = PBXBuildFile; fileRef = B55DC1392A2C979D009EFDCC /* Main.storyboard */; };
		B55DC13D2A2C979E009EFDCC /* Assets.xcassets in Resources */ = {isa = PBXBuildFile; fileRef = B55DC13C2A2C979E009EFDCC /* Assets.xcassets */; };
		B55DC1402A2C979E009EFDCC /* LaunchScreen.storyboard in Resources */ = {isa = PBXBuildFile; fileRef = B55DC13E2A2C979E009EFDCC /* LaunchScreen.storyboard */; };
/* End PBXBuildFile section */

/* Begin PBXFileReference section */
		470C1CB7EA585C04BA5A1DB3 /* Pods_RestaurantsApp.framework */ = {isa = PBXFileReference; explicitFileType = wrapper.framework; includeInIndex = 0; path = Pods_RestaurantsApp.framework; sourceTree = BUILT_PRODUCTS_DIR; };
		A3BEE2E02A5833BC0016A626 /* Models.swift */ = {isa = PBXFileReference; lastKnownFileType = sourcecode.swift; path = Models.swift; sourceTree = "<group>"; };
		A3BEE2E62A5D5CC00016A626 /* PizzaVC.swift */ = {isa = PBXFileReference; lastKnownFileType = sourcecode.swift; name = PizzaVC.swift; path = Cells/PizzaVC.swift; sourceTree = "<group>"; };
		A3DF6D972A48B4F7009B5C1B /* CellForPizza.swift */ = {isa = PBXFileReference; lastKnownFileType = sourcecode.swift; path = CellForPizza.swift; sourceTree = "<group>"; };
		A3DF6D982A48B4F7009B5C1B /* CellForPizza.xib */ = {isa = PBXFileReference; lastKnownFileType = file.xib; path = CellForPizza.xib; sourceTree = "<group>"; };
		B55DC1302A2C979D009EFDCC /* RestaurantsApp.app */ = {isa = PBXFileReference; explicitFileType = wrapper.application; includeInIndex = 0; path = RestaurantsApp.app; sourceTree = BUILT_PRODUCTS_DIR; };
		B55DC1332A2C979D009EFDCC /* AppDelegate.swift */ = {isa = PBXFileReference; lastKnownFileType = sourcecode.swift; path = AppDelegate.swift; sourceTree = "<group>"; };
		B55DC1352A2C979D009EFDCC /* SceneDelegate.swift */ = {isa = PBXFileReference; lastKnownFileType = sourcecode.swift; path = SceneDelegate.swift; sourceTree = "<group>"; };
		B55DC1372A2C979D009EFDCC /* ViewController.swift */ = {isa = PBXFileReference; lastKnownFileType = sourcecode.swift; path = ViewController.swift; sourceTree = "<group>"; };
		B55DC13A2A2C979D009EFDCC /* Base */ = {isa = PBXFileReference; lastKnownFileType = file.storyboard; name = Base; path = Base.lproj/Main.storyboard; sourceTree = "<group>"; };
		B55DC13C2A2C979E009EFDCC /* Assets.xcassets */ = {isa = PBXFileReference; lastKnownFileType = folder.assetcatalog; path = Assets.xcassets; sourceTree = "<group>"; };
		B55DC13F2A2C979E009EFDCC /* Base */ = {isa = PBXFileReference; lastKnownFileType = file.storyboard; name = Base; path = Base.lproj/LaunchScreen.storyboard; sourceTree = "<group>"; };
		B55DC1412A2C979E009EFDCC /* Info.plist */ = {isa = PBXFileReference; lastKnownFileType = text.plist.xml; path = Info.plist; sourceTree = "<group>"; };
		DC990EA5B13B4928EAE3EC2A /* Pods-RestaurantsApp.debug.xcconfig */ = {isa = PBXFileReference; includeInIndex = 1; lastKnownFileType = text.xcconfig; name = "Pods-RestaurantsApp.debug.xcconfig"; path = "Target Support Files/Pods-RestaurantsApp/Pods-RestaurantsApp.debug.xcconfig"; sourceTree = "<group>"; };
		E75B297F9E6F572F3CCC20E0 /* Pods-RestaurantsApp.release.xcconfig */ = {isa = PBXFileReference; includeInIndex = 1; lastKnownFileType = text.xcconfig; name = "Pods-RestaurantsApp.release.xcconfig"; path = "Target Support Files/Pods-RestaurantsApp/Pods-RestaurantsApp.release.xcconfig"; sourceTree = "<group>"; };
/* End PBXFileReference section */

/* Begin PBXFrameworksBuildPhase section */
		B55DC12D2A2C979D009EFDCC /* Frameworks */ = {
			isa = PBXFrameworksBuildPhase;
			buildActionMask = 2147483647;
			files = (
				2A2D927DD16E24D215F9C582 /* Pods_RestaurantsApp.framework in Frameworks */,
			);
			runOnlyForDeploymentPostprocessing = 0;
		};
/* End PBXFrameworksBuildPhase section */

/* Begin PBXGroup section */
		8C3466F18DCB80449EA001B0 /* Frameworks */ = {
			isa = PBXGroup;
			children = (
				470C1CB7EA585C04BA5A1DB3 /* Pods_RestaurantsApp.framework */,
			);
			name = Frameworks;
			sourceTree = "<group>";
		};
		A3DF6D962A48B477009B5C1B /* Cells */ = {
			isa = PBXGroup;
			children = (
				A3DF6D972A48B4F7009B5C1B /* CellForPizza.swift */,
				A3DF6D982A48B4F7009B5C1B /* CellForPizza.xib */,
			);
			path = Cells;
			sourceTree = "<group>";
		};
		B55DC1272A2C979D009EFDCC = {
			isa = PBXGroup;
			children = (
				B55DC1322A2C979D009EFDCC /* RestaurantsApp */,
				B55DC1312A2C979D009EFDCC /* Products */,
				FBB89C68FC51BB02865C195C /* Pods */,
				8C3466F18DCB80449EA001B0 /* Frameworks */,
			);
			sourceTree = "<group>";
		};
		B55DC1312A2C979D009EFDCC /* Products */ = {
			isa = PBXGroup;
			children = (
				B55DC1302A2C979D009EFDCC /* RestaurantsApp.app */,
			);
			name = Products;
			sourceTree = "<group>";
		};
		B55DC1322A2C979D009EFDCC /* RestaurantsApp */ = {
			isa = PBXGroup;
			children = (
				B55DC1332A2C979D009EFDCC /* AppDelegate.swift */,
				B55DC1352A2C979D009EFDCC /* SceneDelegate.swift */,
				B55DC1372A2C979D009EFDCC /* ViewController.swift */,
				A3BEE2E62A5D5CC00016A626 /* PizzaVC.swift */,
				A3BEE2E02A5833BC0016A626 /* Models.swift */,
				B55DC1392A2C979D009EFDCC /* Main.storyboard */,
				B55DC13C2A2C979E009EFDCC /* Assets.xcassets */,
				B55DC13E2A2C979E009EFDCC /* LaunchScreen.storyboard */,
				B55DC1412A2C979E009EFDCC /* Info.plist */,
				A3DF6D962A48B477009B5C1B /* Cells */,
			);
			path = RestaurantsApp;
			sourceTree = "<group>";
		};
		FBB89C68FC51BB02865C195C /* Pods */ = {
			isa = PBXGroup;
			children = (
				DC990EA5B13B4928EAE3EC2A /* Pods-RestaurantsApp.debug.xcconfig */,
				E75B297F9E6F572F3CCC20E0 /* Pods-RestaurantsApp.release.xcconfig */,
			);
			path = Pods;
			sourceTree = "<group>";
		};
/* End PBXGroup section */

/* Begin PBXNativeTarget section */
		B55DC12F2A2C979D009EFDCC /* RestaurantsApp */ = {
			isa = PBXNativeTarget;
			buildConfigurationList = B55DC1442A2C979E009EFDCC /* Build configuration list for PBXNativeTarget "RestaurantsApp" */;
			buildPhases = (
				F700F1034EBBBF42B54F9CC8 /* [CP] Check Pods Manifest.lock */,
				B55DC12C2A2C979D009EFDCC /* Sources */,
				B55DC12D2A2C979D009EFDCC /* Frameworks */,
				B55DC12E2A2C979D009EFDCC /* Resources */,
				817F283FA2DA1E6AAD73C9AA /* [CP] Embed Pods Frameworks */,
			);
			buildRules = (
			);
			dependencies = (
			);
			name = RestaurantsApp;
			productName = RestaurantsApp;
			productReference = B55DC1302A2C979D009EFDCC /* RestaurantsApp.app */;
			productType = "com.apple.product-type.application";
		};
/* End PBXNativeTarget section */

/* Begin PBXProject section */
		B55DC1282A2C979D009EFDCC /* Project object */ = {
			isa = PBXProject;
			attributes = {
				BuildIndependentTargetsInParallel = 1;
				LastSwiftUpdateCheck = 1420;
				LastUpgradeCheck = 1420;
				TargetAttributes = {
					B55DC12F2A2C979D009EFDCC = {
						CreatedOnToolsVersion = 14.2;
					};
				};
			};
			buildConfigurationList = B55DC12B2A2C979D009EFDCC /* Build configuration list for PBXProject "RestaurantsApp" */;
			compatibilityVersion = "Xcode 14.0";
			developmentRegion = en;
			hasScannedForEncodings = 0;
			knownRegions = (
				en,
				Base,
			);
			mainGroup = B55DC1272A2C979D009EFDCC;
			productRefGroup = B55DC1312A2C979D009EFDCC /* Products */;
			projectDirPath = "";
			projectRoot = "";
			targets = (
				B55DC12F2A2C979D009EFDCC /* RestaurantsApp */,
			);
		};
/* End PBXProject section */

/* Begin PBXResourcesBuildPhase section */
		B55DC12E2A2C979D009EFDCC /* Resources */ = {
			isa = PBXResourcesBuildPhase;
			buildActionMask = 2147483647;
			files = (
				B55DC1402A2C979E009EFDCC /* LaunchScreen.storyboard in Resources */,
				B55DC13D2A2C979E009EFDCC /* Assets.xcassets in Resources */,
				A3DF6D9A2A48B4F7009B5C1B /* CellForPizza.xib in Resources */,
				B55DC13B2A2C979D009EFDCC /* Main.storyboard in Resources */,
			);
			runOnlyForDeploymentPostprocessing = 0;
		};
/* End PBXResourcesBuildPhase section */

/* Begin PBXShellScriptBuildPhase section */
		817F283FA2DA1E6AAD73C9AA /* [CP] Embed Pods Frameworks */ = {
			isa = PBXShellScriptBuildPhase;
			buildActionMask = 2147483647;
			files = (
			);
			inputFileListPaths = (
				"${PODS_ROOT}/Target Support Files/Pods-RestaurantsApp/Pods-RestaurantsApp-frameworks-${CONFIGURATION}-input-files.xcfilelist",
			);
			name = "[CP] Embed Pods Frameworks";
			outputFileListPaths = (
				"${PODS_ROOT}/Target Support Files/Pods-RestaurantsApp/Pods-RestaurantsApp-frameworks-${CONFIGURATION}-output-files.xcfilelist",
			);
			runOnlyForDeploymentPostprocessing = 0;
			shellPath = /bin/sh;
			shellScript = "\"${PODS_ROOT}/Target Support Files/Pods-RestaurantsApp/Pods-RestaurantsApp-frameworks.sh\"\n";
			showEnvVarsInLog = 0;
		};
		F700F1034EBBBF42B54F9CC8 /* [CP] Check Pods Manifest.lock */ = {
			isa = PBXShellScriptBuildPhase;
			buildActionMask = 2147483647;
			files = (
			);
			inputFileListPaths = (
			);
			inputPaths = (
				"${PODS_PODFILE_DIR_PATH}/Podfile.lock",
				"${PODS_ROOT}/Manifest.lock",
			);
			name = "[CP] Check Pods Manifest.lock";
			outputFileListPaths = (
			);
			outputPaths = (
				"$(DERIVED_FILE_DIR)/Pods-RestaurantsApp-checkManifestLockResult.txt",
			);
			runOnlyForDeploymentPostprocessing = 0;
			shellPath = /bin/sh;
			shellScript = "diff \"${PODS_PODFILE_DIR_PATH}/Podfile.lock\" \"${PODS_ROOT}/Manifest.lock\" > /dev/null\nif [ $? != 0 ] ; then\n    # print error to STDERR\n    echo \"error: The sandbox is not in sync with the Podfile.lock. Run 'pod install' or update your CocoaPods installation.\" >&2\n    exit 1\nfi\n# This output is used by Xcode 'outputs' to avoid re-running this script phase.\necho \"SUCCESS\" > \"${SCRIPT_OUTPUT_FILE_0}\"\n";
			showEnvVarsInLog = 0;
		};
/* End PBXShellScriptBuildPhase section */

/* Begin PBXSourcesBuildPhase section */
		B55DC12C2A2C979D009EFDCC /* Sources */ = {
			isa = PBXSourcesBuildPhase;
			buildActionMask = 2147483647;
			files = (
				B55DC1382A2C979D009EFDCC /* ViewController.swift in Sources */,
				B55DC1342A2C979D009EFDCC /* AppDelegate.swift in Sources */,
				A3DF6D992A48B4F7009B5C1B /* CellForPizza.swift in Sources */,
				A3BEE2E72A5D5CC00016A626 /* PizzaVC.swift in Sources */,
				B55DC1362A2C979D009EFDCC /* SceneDelegate.swift in Sources */,
				A3BEE2E12A5833BC0016A626 /* Models.swift in Sources */,
			);
			runOnlyForDeploymentPostprocessing = 0;
		};
/* End PBXSourcesBuildPhase section */

/* Begin PBXVariantGroup section */
		B55DC1392A2C979D009EFDCC /* Main.storyboard */ = {
			isa = PBXVariantGroup;
			children = (
				B55DC13A2A2C979D009EFDCC /* Base */,
			);
			name = Main.storyboard;
			sourceTree = "<group>";
		};
		B55DC13E2A2C979E009EFDCC /* LaunchScreen.storyboard */ = {
			isa = PBXVariantGroup;
			children = (
				B55DC13F2A2C979E009EFDCC /* Base */,
			);
			name = LaunchScreen.storyboard;
			sourceTree = "<group>";
		};
/* End PBXVariantGroup section */

/* Begin XCBuildConfiguration section */
		B55DC1422A2C979E009EFDCC /* Debug */ = {
			isa = XCBuildConfiguration;
			buildSettings = {
				ALWAYS_SEARCH_USER_PATHS = NO;
				CLANG_ANALYZER_NONNULL = YES;
				CLANG_ANALYZER_NUMBER_OBJECT_CONVERSION = YES_AGGRESSIVE;
				CLANG_CXX_LANGUAGE_STANDARD = "gnu++20";
				CLANG_ENABLE_MODULES = YES;
				CLANG_ENABLE_OBJC_ARC = YES;
				CLANG_ENABLE_OBJC_WEAK = YES;
				CLANG_WARN_BLOCK_CAPTURE_AUTORELEASING = YES;
				CLANG_WARN_BOOL_CONVERSION = YES;
				CLANG_WARN_COMMA = YES;
				CLANG_WARN_CONSTANT_CONVERSION = YES;
				CLANG_WARN_DEPRECATED_OBJC_IMPLEMENTATIONS = YES;
				CLANG_WARN_DIRECT_OBJC_ISA_USAGE = YES_ERROR;
				CLANG_WARN_DOCUMENTATION_COMMENTS = YES;
				CLANG_WARN_EMPTY_BODY = YES;
				CLANG_WARN_ENUM_CONVERSION = YES;
				CLANG_WARN_INFINITE_RECURSION = YES;
				CLANG_WARN_INT_CONVERSION = YES;
				CLANG_WARN_NON_LITERAL_NULL_CONVERSION = YES;
				CLANG_WARN_OBJC_IMPLICIT_RETAIN_SELF = YES;
				CLANG_WARN_OBJC_LITERAL_CONVERSION = YES;
				CLANG_WARN_OBJC_ROOT_CLASS = YES_ERROR;
				CLANG_WARN_QUOTED_INCLUDE_IN_FRAMEWORK_HEADER = YES;
				CLANG_WARN_RANGE_LOOP_ANALYSIS = YES;
				CLANG_WARN_STRICT_PROTOTYPES = YES;
				CLANG_WARN_SUSPICIOUS_MOVE = YES;
				CLANG_WARN_UNGUARDED_AVAILABILITY = YES_AGGRESSIVE;
				CLANG_WARN_UNREACHABLE_CODE = YES;
				CLANG_WARN__DUPLICATE_METHOD_MATCH = YES;
				COPY_PHASE_STRIP = NO;
				DEBUG_INFORMATION_FORMAT = dwarf;
				ENABLE_STRICT_OBJC_MSGSEND = YES;
				ENABLE_TESTABILITY = YES;
				GCC_C_LANGUAGE_STANDARD = gnu11;
				GCC_DYNAMIC_NO_PIC = NO;
				GCC_NO_COMMON_BLOCKS = YES;
				GCC_OPTIMIZATION_LEVEL = 0;
				GCC_PREPROCESSOR_DEFINITIONS = (
					"DEBUG=1",
					"$(inherited)",
				);
				GCC_WARN_64_TO_32_BIT_CONVERSION = YES;
				GCC_WARN_ABOUT_RETURN_TYPE = YES_ERROR;
				GCC_WARN_UNDECLARED_SELECTOR = YES;
				GCC_WARN_UNINITIALIZED_AUTOS = YES_AGGRESSIVE;
				GCC_WARN_UNUSED_FUNCTION = YES;
				GCC_WARN_UNUSED_VARIABLE = YES;
				IPHONEOS_DEPLOYMENT_TARGET = 14.0;
				MTL_ENABLE_DEBUG_INFO = INCLUDE_SOURCE;
				MTL_FAST_MATH = YES;
				ONLY_ACTIVE_ARCH = YES;
				SDKROOT = iphoneos;
				SWIFT_ACTIVE_COMPILATION_CONDITIONS = DEBUG;
				SWIFT_OPTIMIZATION_LEVEL = "-Onone";
			};
			name = Debug;
		};
		B55DC1432A2C979E009EFDCC /* Release */ = {
			isa = XCBuildConfiguration;
			buildSettings = {
				ALWAYS_SEARCH_USER_PATHS = NO;
				CLANG_ANALYZER_NONNULL = YES;
				CLANG_ANALYZER_NUMBER_OBJECT_CONVERSION = YES_AGGRESSIVE;
				CLANG_CXX_LANGUAGE_STANDARD = "gnu++20";
				CLANG_ENABLE_MODULES = YES;
				CLANG_ENABLE_OBJC_ARC = YES;
				CLANG_ENABLE_OBJC_WEAK = YES;
				CLANG_WARN_BLOCK_CAPTURE_AUTORELEASING = YES;
				CLANG_WARN_BOOL_CONVERSION = YES;
				CLANG_WARN_COMMA = YES;
				CLANG_WARN_CONSTANT_CONVERSION = YES;
				CLANG_WARN_DEPRECATED_OBJC_IMPLEMENTATIONS = YES;
				CLANG_WARN_DIRECT_OBJC_ISA_USAGE = YES_ERROR;
				CLANG_WARN_DOCUMENTATION_COMMENTS = YES;
				CLANG_WARN_EMPTY_BODY = YES;
				CLANG_WARN_ENUM_CONVERSION = YES;
				CLANG_WARN_INFINITE_RECURSION = YES;
				CLANG_WARN_INT_CONVERSION = YES;
				CLANG_WARN_NON_LITERAL_NULL_CONVERSION = YES;
				CLANG_WARN_OBJC_IMPLICIT_RETAIN_SELF = YES;
				CLANG_WARN_OBJC_LITERAL_CONVERSION = YES;
				CLANG_WARN_OBJC_ROOT_CLASS = YES_ERROR;
				CLANG_WARN_QUOTED_INCLUDE_IN_FRAMEWORK_HEADER = YES;
				CLANG_WARN_RANGE_LOOP_ANALYSIS = YES;
				CLANG_WARN_STRICT_PROTOTYPES = YES;
				CLANG_WARN_SUSPICIOUS_MOVE = YES;
				CLANG_WARN_UNGUARDED_AVAILABILITY = YES_AGGRESSIVE;
				CLANG_WARN_UNREACHABLE_CODE = YES;
				CLANG_WARN__DUPLICATE_METHOD_MATCH = YES;
				COPY_PHASE_STRIP = NO;
				DEBUG_INFORMATION_FORMAT = "dwarf-with-dsym";
				ENABLE_NS_ASSERTIONS = NO;
				ENABLE_STRICT_OBJC_MSGSEND = YES;
				GCC_C_LANGUAGE_STANDARD = gnu11;
				GCC_NO_COMMON_BLOCKS = YES;
				GCC_WARN_64_TO_32_BIT_CONVERSION = YES;
				GCC_WARN_ABOUT_RETURN_TYPE = YES_ERROR;
				GCC_WARN_UNDECLARED_SELECTOR = YES;
				GCC_WARN_UNINITIALIZED_AUTOS = YES_AGGRESSIVE;
				GCC_WARN_UNUSED_FUNCTION = YES;
				GCC_WARN_UNUSED_VARIABLE = YES;
				IPHONEOS_DEPLOYMENT_TARGET = 14.0;
				MTL_ENABLE_DEBUG_INFO = NO;
				MTL_FAST_MATH = YES;
				SDKROOT = iphoneos;
				SWIFT_COMPILATION_MODE = wholemodule;
				SWIFT_OPTIMIZATION_LEVEL = "-O";
				VALIDATE_PRODUCT = YES;
			};
			name = Release;
		};
		B55DC1452A2C979E009EFDCC /* Debug */ = {
			isa = XCBuildConfiguration;
			baseConfigurationReference = DC990EA5B13B4928EAE3EC2A /* Pods-RestaurantsApp.debug.xcconfig */;
			buildSettings = {
				ASSETCATALOG_COMPILER_APPICON_NAME = AppIcon;
				ASSETCATALOG_COMPILER_GLOBAL_ACCENT_COLOR_NAME = AccentColor;
				CODE_SIGN_STYLE = Automatic;
				CURRENT_PROJECT_VERSION = 1;
				DEVELOPMENT_TEAM = "";
				GENERATE_INFOPLIST_FILE = YES;
				INFOPLIST_FILE = RestaurantsApp/Info.plist;
				INFOPLIST_KEY_UIApplicationSupportsIndirectInputEvents = YES;
				INFOPLIST_KEY_UILaunchStoryboardName = LaunchScreen;
				INFOPLIST_KEY_UIMainStoryboardFile = Main;
				INFOPLIST_KEY_UISupportedInterfaceOrientations_iPad = "UIInterfaceOrientationPortrait UIInterfaceOrientationPortraitUpsideDown UIInterfaceOrientationLandscapeLeft UIInterfaceOrientationLandscapeRight";
				INFOPLIST_KEY_UISupportedInterfaceOrientations_iPhone = "UIInterfaceOrientationPortrait UIInterfaceOrientationLandscapeLeft UIInterfaceOrientationLandscapeRight";
				IPHONEOS_DEPLOYMENT_TARGET = 14.0;
				LD_RUNPATH_SEARCH_PATHS = (
					"$(inherited)",
					"@executable_path/Frameworks",
				);
				MARKETING_VERSION = 1.0;
				PRODUCT_BUNDLE_IDENTIFIER = nervanin.RestaurantsApp;
				PRODUCT_NAME = "$(TARGET_NAME)";
				SWIFT_EMIT_LOC_STRINGS = YES;
				SWIFT_VERSION = 5.0;
				TARGETED_DEVICE_FAMILY = "1,2";
			};
			name = Debug;
		};
		B55DC1462A2C979E009EFDCC /* Release */ = {
			isa = XCBuildConfiguration;
			baseConfigurationReference = E75B297F9E6F572F3CCC20E0 /* Pods-RestaurantsApp.release.xcconfig */;
			buildSettings = {
				ASSETCATALOG_COMPILER_APPICON_NAME = AppIcon;
				ASSETCATALOG_COMPILER_GLOBAL_ACCENT_COLOR_NAME = AccentColor;
				CODE_SIGN_STYLE = Automatic;
				CURRENT_PROJECT_VERSION = 1;
				DEVELOPMENT_TEAM = "";
				GENERATE_INFOPLIST_FILE = YES;
				INFOPLIST_FILE = RestaurantsApp/Info.plist;
				INFOPLIST_KEY_UIApplicationSupportsIndirectInputEvents = YES;
				INFOPLIST_KEY_UILaunchStoryboardName = LaunchScreen;
				INFOPLIST_KEY_UIMainStoryboardFile = Main;
				INFOPLIST_KEY_UISupportedInterfaceOrientations_iPad = "UIInterfaceOrientationPortrait UIInterfaceOrientationPortraitUpsideDown UIInterfaceOrientationLandscapeLeft UIInterfaceOrientationLandscapeRight";
				INFOPLIST_KEY_UISupportedInterfaceOrientations_iPhone = "UIInterfaceOrientationPortrait UIInterfaceOrientationLandscapeLeft UIInterfaceOrientationLandscapeRight";
				IPHONEOS_DEPLOYMENT_TARGET = 14.0;
				LD_RUNPATH_SEARCH_PATHS = (
					"$(inherited)",
					"@executable_path/Frameworks",
				);
				MARKETING_VERSION = 1.0;
				PRODUCT_BUNDLE_IDENTIFIER = nervanin.RestaurantsApp;
				PRODUCT_NAME = "$(TARGET_NAME)";
				SWIFT_EMIT_LOC_STRINGS = YES;
				SWIFT_VERSION = 5.0;
				TARGETED_DEVICE_FAMILY = "1,2";
			};
			name = Release;
		};
/* End XCBuildConfiguration section */

/* Begin XCConfigurationList section */
		B55DC12B2A2C979D009EFDCC /* Build configuration list for PBXProject "RestaurantsApp" */ = {
			isa = XCConfigurationList;
			buildConfigurations = (
				B55DC1422A2C979E009EFDCC /* Debug */,
				B55DC1432A2C979E009EFDCC /* Release */,
			);
			defaultConfigurationIsVisible = 0;
			defaultConfigurationName = Release;
		};
		B55DC1442A2C979E009EFDCC /* Build configuration list for PBXNativeTarget "RestaurantsApp" */ = {
			isa = XCConfigurationList;
			buildConfigurations = (
				B55DC1452A2C979E009EFDCC /* Debug */,
				B55DC1462A2C979E009EFDCC /* Release */,
			);
			defaultConfigurationIsVisible = 0;
			defaultConfigurationName = Release;
		};
/* End XCConfigurationList section */
	};
	rootObject = B55DC1282A2C979D009EFDCC /* Project object */;
}
